Microsoft Visual Studio Solution File, Format Version 12.00
# Visual Studio Version 17
VisualStudioVersion = 17.5.2.0
MinimumVisualStudioVersion = 10.0.40219.1
Project("{FAE04EC0-301F-11D3-BF4B-00C04F79EFBC}") = "ProgramChangeTracker", "ProgramChangeTracker.csproj", "{55908DE9-6816-DBA7-1090-17DA2AFBCB60}"
EndProject
Global
	GlobalSection(SolutionConfigurationPlatforms) = preSolution
		Debug|Any CPU = Debug|Any CPU
		Release|Any CPU = Release|Any CPU
	EndGlobalSection
	GlobalSection(ProjectConfigurationPlatforms) = postSolution
		{55908DE9-6816-DBA7-1090-17DA2AFBCB60}.Debug|Any CPU.ActiveCfg = Debug|Any CPU
		{55908DE9-6816-DBA7-1090-17DA2AFBCB60}.Debug|Any CPU.Build.0 = Debug|Any CPU
		{55908DE9-6816-DBA7-1090-17DA2AFBCB60}.Release|Any CPU.ActiveCfg = Release|Any CPU
		{55908DE9-6816-DBA7-1090-17DA2AFBCB60}.Release|Any CPU.Build.0 = Release|Any CPU
	EndGlobalSection
	GlobalSection(SolutionProperties) = preSolution
		HideSolutionNode = FALSE
	EndGlobalSection
	GlobalSection(ExtensibilityGlobals) = postSolution
		SolutionGuid = {E5B1CDC8-524E-41C4-BC56-2271DF9CD17C}
	EndGlobalSection
EndGlobal
